dependencies:
- name: dekanbank-common
  repository: file://../../dekanbank-common
  version: 0.1.0
- name: configserver
  repository: file://../../dekanbank-services/configserver
  version: 0.1.0
- name: accounts
  repository: file://../../dekanbank-services/accounts
  version: 0.1.0
- name: cards
  repository: file://../../dekanbank-services/cards
  version: 0.1.0
- name: loans
  repository: file://../../dekanbank-services/loans
  version: 0.1.0
- name: gatewayserver
  repository: file://../../dekanbank-services/gatewayserver
  version: 0.1.0
- name: message
  repository: file://../../dekanbank-services/message
  version: 0.1.0
digest: sha256:1b796a5bbead4d12cdd45d1374a2380bf78601b53e53a7bf816121fdbb3cfe38
generated: "2024-05-16T14:43:45.5692342+03:00"
