dependencies:
- name: dekanbank-common
  repository: file://../../dekanbank-common
  version: 0.1.0
- name: configserver
  repository: file://../../dekanbank-services/configserver
  version: 0.1.0
- name: eurekaserver
  repository: file://../../dekanbank-services/eurekaserver
  version: 0.1.0
- name: accounts
  repository: file://../../dekanbank-services/accounts
  version: 0.1.0
- name: cards
  repository: file://../../dekanbank-services/cards
  version: 0.1.0
- name: loans
  repository: file://../../dekanbank-services/loans
  version: 0.1.0
- name: gatewayserver
  repository: file://../../dekanbank-services/gatewayserver
  version: 0.1.0
- name: message
  repository: file://../../dekanbank-services/message
  version: 0.1.0
digest: sha256:444beab62acc9ad9199955058a8f75f9f70dbb1544c8944bd070b0b1aa4f4469
generated: "2024-05-15T16:50:34.779682+03:00"
